{
  "name": "mycelium-vscode",
  "version": "0.1.0",
  "lockfileVersion": 3,
  "requires": true,
  "packages": {
    "": {
      "name": "mycelium-vscode",
      "version": "0.1.0",
      "license": "MIT",
      "dependencies": {
        "@aimasteracc/mycelium-sdk": "^0.3.0"
      },
      "devDependencies": {
        "@types/node": "^20.0.0",
        "@types/vscode": "^1.85.0",
        "typescript": "^5.4.0"
      },
      "engines": {
        "vscode": "^1.85.0"
      }
    },
    "node_modules/@aimasteracc/mycelium-darwin-arm64": {
      "version": "0.3.0",
      "resolved": "https://registry.npmjs.org/@aimasteracc/mycelium-darwin-arm64/-/mycelium-darwin-arm64-0.3.0.tgz",
      "integrity": "sha512-c+s8atDhT9EhoiSxa12Q8qee8fCu1peBHW9/XCPAKxvhOwvj77Oao452T/9t06STz/z+XodnobUVmFC2oHJ8Zw==",
      "cpu": [
        "arm64"
      ],
      "license": "MIT",
      "optional": true,
      "os": [
        "darwin"
      ]
    },
    "node_modules/@aimasteracc/mycelium-darwin-x64": {
      "version": "0.3.0",
      "resolved": "https://registry.npmjs.org/@aimasteracc/mycelium-darwin-x64/-/mycelium-darwin-x64-0.3.0.tgz",
      "integrity": "sha512-6dZXh4J59pidV3F/r5X2mtBtQD3lGPCkcf+aMWd5s32Qvd6ZpUDOco02UOIYhzBcZOYoH6Gl+D1Eotqen/RICw==",
      "cpu": [
        "x64"
      ],
      "license": "MIT",
      "optional": true,
      "os": [
        "darwin"
      ]
    },
    "node_modules/@aimasteracc/mycelium-linux-arm64-gnu": {
      "version": "0.3.0",
      "resolved": "https://registry.npmjs.org/@aimasteracc/mycelium-linux-arm64-gnu/-/mycelium-linux-arm64-gnu-0.3.0.tgz",
      "integrity": "sha512-zERDf9UsNACjQMMgdZirYDtIbQD490/Q7Goy5GofNaL5ey7IC8d39k5TsEKi8loLTWR6on9AK8SZPjdLNM8ANQ==",
      "cpu": [
        "arm64"
      ],
      "license": "MIT",
      "optional": true,
      "os": [
        "linux"
      ]
    },
    "node_modules/@aimasteracc/mycelium-linux-x64-gnu": {
      "version": "0.3.0",
      "resolved": "https://registry.npmjs.org/@aimasteracc/mycelium-linux-x64-gnu/-/mycelium-linux-x64-gnu-0.3.0.tgz",
      "integrity": "sha512-8gegtUwWcrPHO9REAkzoWDAUnX+tUSY1/OTP1C1YJL09mzTjFz7cwkmn+aZH/7/AdpA9/xpBffhgoQnkVCMPlg==",
      "cpu": [
        "x64"
      ],
      "license": "MIT",
      "optional": true,
      "os": [
        "linux"
      ]
    },
    "node_modules/@aimasteracc/mycelium-sdk": {
      "version": "0.3.0",
      "resolved": "https://registry.npmjs.org/@aimasteracc/mycelium-sdk/-/mycelium-sdk-0.3.0.tgz",
      "integrity": "sha512-zOWBiR9QSmK1NMVwKYPm8MJ8NZkvhzDnzWtNeMGHa1gh8dOzscB3AktoJJp8plEJARAJTb1HS7ZRLcTNe+WBYg==",
      "license": "MIT",
      "engines": {
        "node": ">=16"
      },
      "optionalDependencies": {
        "@aimasteracc/mycelium-darwin-arm64": "0.3.0",
        "@aimasteracc/mycelium-darwin-x64": "0.3.0",
        "@aimasteracc/mycelium-linux-arm64-gnu": "0.3.0",
        "@aimasteracc/mycelium-linux-x64-gnu": "0.3.0",
        "@aimasteracc/mycelium-win32-x64": "0.3.0"
      }
    },
    "node_modules/@aimasteracc/mycelium-win32-x64": {
      "version": "0.3.0",
      "resolved": "https://registry.npmjs.org/@aimasteracc/mycelium-win32-x64/-/mycelium-win32-x64-0.3.0.tgz",
      "integrity": "sha512-Db1nDlv8cEt+xu+MHkZeZwfK/5BlTWQBfG4OCwXt6UMWpbDf5z8gOH82EVRXwO5xeoe43BaApIpdF5RMrYbl3g==",
      "cpu": [
        "x64"
      ],
      "license": "MIT",
      "optional": true,
      "os": [
        "win32"
      ]
    },
    "node_modules/@types/node": {
      "version": "20.19.42",
      "resolved": "https://registry.npmjs.org/@types/node/-/node-20.19.42.tgz",
      "integrity": "sha512-5L7SUaFC1RyDraj2yRhyBzHTobyXHmohD100CChNtyPyleoq37Mqab5Gn8XEKI04dfN/oqPdpHk38MgcQWHbZg==",
      "dev": true,
      "license": "MIT",
      "dependencies": {
        "undici-types": "~6.21.0"
      }
    },
    "node_modules/@types/vscode": {
      "version": "1.120.0",
      "resolved": "https://registry.npmjs.org/@types/vscode/-/vscode-1.120.0.tgz",
      "integrity": "sha512-feaT4Rst+FkTch5zz/ZbNCxoIvo55YU80Be2kiL7OJcod4+CUYf2lUBPdIJzozNnSEMq1VRTGrWEcCGFB3fBmA==",
      "dev": true,
      "license": "MIT"
    },
    "node_modules/typescript": {
      "version": "5.9.3",
      "resolved": "https://registry.npmjs.org/typescript/-/typescript-5.9.3.tgz",
      "integrity": "sha512-jl1vZzPDinLr9eUt3J/t7V6FgNEw9QjvBPdysz9KfQDD41fQrC2Y4vKQdiaUpFT4bXlb1RHhLpp8wtm6M5TgSw==",
      "dev": true,
      "license": "Apache-2.0",
      "bin": {
        "tsc": "bin/tsc",
        "tsserver": "bin/tsserver"
      },
      "engines": {
        "node": ">=14.17"
      }
    },
    "node_modules/undici-types": {
      "version": "6.21.0",
      "resolved": "https://registry.npmjs.org/undici-types/-/undici-types-6.21.0.tgz",
      "integrity": "sha512-iwDZqg0QAGrg9Rav5H4n0M64c3mkR59cJ6wQp+7C4nI0gsmExaedaYLNO44eT4AtBBwjbTiGPMlt2Md0T9H9JQ==",
      "dev": true,
      "license": "MIT"
    }
  }
}
